// !$*UTF8*$!
{
	archiveVersion = 1;
	classes = {
	};
	objectVersion = 55;
	objects = {

/* Begin PBXBuildFile section */
		DE00D7CB27391D1300D7DF06 /* WeatherAppSwiftUIApp.swift in Sources */ = {isa = PBXBuildFile; fileRef = DE00D7CA27391D1300D7DF06 /* WeatherAppSwiftUIApp.swift */; };
		DE00D7CD27391D1300D7DF06 /* ContentView.swift in Sources */ = {isa = PBXBuildFile; fileRef = DE00D7CC27391D1300D7DF06 /* ContentView.swift */; };
		DE00D7CF27391D1500D7DF06 /* Assets.xcassets in Resources */ = {isa = PBXBuildFile; fileRef = DE00D7CE27391D1500D7DF06 /* Assets.xcassets */; };
		DE00D7D227391D1500D7DF06 /* Preview Assets.xcassets in Resources */ = {isa = PBXBuildFile; fileRef = DE00D7D127391D1500D7DF06 /* Preview Assets.xcassets */; };
		DE00D7DE2739243600D7DF06 /* API.swift in Sources */ = {isa = PBXBuildFile; fileRef = DE00D7DD2739243600D7DF06 /* API.swift */; };
		DE00D7E02739244200D7DF06 /* Weather.swift in Sources */ = {isa = PBXBuildFile; fileRef = DE00D7DF2739244200D7DF06 /* Weather.swift */; };
		DE00D7E2273926E200D7DF06 /* API+Extensions.swift in Sources */ = {isa = PBXBuildFile; fileRef = DE00D7E1273926E200D7DF06 /* API+Extensions.swift */; };
		DE00D7E42739290600D7DF06 /* NetworkManager.swift in Sources */ = {isa = PBXBuildFile; fileRef = DE00D7E32739290600D7DF06 /* NetworkManager.swift */; };
		DE00D7E62739361D00D7DF06 /* WeatherDetail.swift in Sources */ = {isa = PBXBuildFile; fileRef = DE00D7E52739361D00D7DF06 /* WeatherDetail.swift */; };
		DE00D7E82739362F00D7DF06 /* WeatherResponse.swift in Sources */ = {isa = PBXBuildFile; fileRef = DE00D7E72739362F00D7DF06 /* WeatherResponse.swift */; };
		DE00D7EA2739365100D7DF06 /* DailyWeather.swift in Sources */ = {isa = PBXBuildFile; fileRef = DE00D7E92739365100D7DF06 /* DailyWeather.swift */; };
		DE00D7EC2739367500D7DF06 /* Temperature.swift in Sources */ = {isa = PBXBuildFile; fileRef = DE00D7EB2739367500D7DF06 /* Temperature.swift */; };
		DE00D7EE2739417C00D7DF06 /* CityViewViewModel.swift in Sources */ = {isa = PBXBuildFile; fileRef = DE00D7ED2739417C00D7DF06 /* CityViewViewModel.swift */; };
/* End PBXBuildFile section */

/* Begin PBXFileReference section */
		DE00D7C727391D1300D7DF06 /* WeatherAppSwiftUI.app */ = {isa = PBXFileReference; explicitFileType = wrapper.application; includeInIndex = 0; path = WeatherAppSwiftUI.app; sourceTree = BUILT_PRODUCTS_DIR; };
		DE00D7CA27391D1300D7DF06 /* WeatherAppSwiftUIApp.swift */ = {isa = PBXFileReference; lastKnownFileType = sourcecode.swift; path = WeatherAppSwiftUIApp.swift; sourceTree = "<group>"; };
		DE00D7CC27391D1300D7DF06 /* ContentView.swift */ = {isa = PBXFileReference; lastKnownFileType = sourcecode.swift; path = ContentView.swift; sourceTree = "<group>"; };
		DE00D7CE27391D1500D7DF06 /* Assets.xcassets */ = {isa = PBXFileReference; lastKnownFileType = folder.assetcatalog; path = Assets.xcassets; sourceTree = "<group>"; };
		DE00D7D127391D1500D7DF06 /* Preview Assets.xcassets */ = {isa = PBXFileReference; lastKnownFileType = folder.assetcatalog; path = "Preview Assets.xcassets"; sourceTree = "<group>"; };
		DE00D7DD2739243600D7DF06 /* API.swift */ = {isa = PBXFileReference; lastKnownFileType = sourcecode.swift; path = API.swift; sourceTree = "<group>"; };
		DE00D7DF2739244200D7DF06 /* Weather.swift */ = {isa = PBXFileReference; lastKnownFileType = sourcecode.swift; path = Weather.swift; sourceTree = "<group>"; };
		DE00D7E1273926E200D7DF06 /* API+Extensions.swift */ = {isa = PBXFileReference; lastKnownFileType = sourcecode.swift; path = "API+Extensions.swift"; sourceTree = "<group>"; };
		DE00D7E32739290600D7DF06 /* NetworkManager.swift */ = {isa = PBXFileReference; lastKnownFileType = sourcecode.swift; path = NetworkManager.swift; sourceTree = "<group>"; };
		DE00D7E52739361D00D7DF06 /* WeatherDetail.swift */ = {isa = PBXFileReference; lastKnownFileType = sourcecode.swift; path = WeatherDetail.swift; sourceTree = "<group>"; };
		DE00D7E72739362F00D7DF06 /* WeatherResponse.swift */ = {isa = PBXFileReference; lastKnownFileType = sourcecode.swift; path = WeatherResponse.swift; sourceTree = "<group>"; };
		DE00D7E92739365100D7DF06 /* DailyWeather.swift */ = {isa = PBXFileReference; lastKnownFileType = sourcecode.swift; path = DailyWeather.swift; sourceTree = "<group>"; };
		DE00D7EB2739367500D7DF06 /* Temperature.swift */ = {isa = PBXFileReference; lastKnownFileType = sourcecode.swift; path = Temperature.swift; sourceTree = "<group>"; };
		DE00D7ED2739417C00D7DF06 /* CityViewViewModel.swift */ = {isa = PBXFileReference; lastKnownFileType = sourcecode.swift; path = CityViewViewModel.swift; sourceTree = "<group>"; };
/* End PBXFileReference section */

/* Begin PBXFrameworksBuildPhase section */
		DE00D7C427391D1300D7DF06 /* Frameworks */ = {
			isa = PBXFrameworksBuildPhase;
			buildActionMask = 2147483647;
			files = (
			);
			runOnlyForDeploymentPostprocessing = 0;
		};
/* End PBXFrameworksBuildPhase section */

/* Begin PBXGroup section */
		DE00D7BE27391D1300D7DF06 = {
			isa = PBXGroup;
			children = (
				DE00D7C927391D1300D7DF06 /* WeatherAppSwiftUI */,
				DE00D7C827391D1300D7DF06 /* Products */,
			);
			sourceTree = "<group>";
		};
		DE00D7C827391D1300D7DF06 /* Products */ = {
			isa = PBXGroup;
			children = (
				DE00D7C727391D1300D7DF06 /* WeatherAppSwiftUI.app */,
			);
			name = Products;
			sourceTree = "<group>";
		};
		DE00D7C927391D1300D7DF06 /* WeatherAppSwiftUI */ = {
			isa = PBXGroup;
			children = (
				DE00D7DC273923F100D7DF06 /* LottieAnimation */,
				DE00D7DB273923D900D7DF06 /* ViewModels */,
				DE00D7DA273923D200D7DF06 /* Views */,
				DE00D7D9273923AB00D7DF06 /* Models */,
				DE00D7D82739238500D7DF06 /* Networking */,
				DE00D7CA27391D1300D7DF06 /* WeatherAppSwiftUIApp.swift */,
				DE00D7CC27391D1300D7DF06 /* ContentView.swift */,
				DE00D7CE27391D1500D7DF06 /* Assets.xcassets */,
				DE00D7D027391D1500D7DF06 /* Preview Content */,
			);
			path = WeatherAppSwiftUI;
			sourceTree = "<group>";
		};
		DE00D7D027391D1500D7DF06 /* Preview Content */ = {
			isa = PBXGroup;
			children = (
				DE00D7D127391D1500D7DF06 /* Preview Assets.xcassets */,
			);
			path = "Preview Content";
			sourceTree = "<group>";
		};
		DE00D7D82739238500D7DF06 /* Networking */ = {
			isa = PBXGroup;
			children = (
				DE00D7DD2739243600D7DF06 /* API.swift */,
				DE00D7E1273926E200D7DF06 /* API+Extensions.swift */,
				DE00D7E32739290600D7DF06 /* NetworkManager.swift */,
			);
			path = Networking;
			sourceTree = "<group>";
		};
		DE00D7D9273923AB00D7DF06 /* Models */ = {
			isa = PBXGroup;
			children = (
				DE00D7DF2739244200D7DF06 /* Weather.swift */,
				DE00D7E52739361D00D7DF06 /* WeatherDetail.swift */,
				DE00D7E72739362F00D7DF06 /* WeatherResponse.swift */,
				DE00D7E92739365100D7DF06 /* DailyWeather.swift */,
				DE00D7EB2739367500D7DF06 /* Temperature.swift */,
			);
			path = Models;
			sourceTree = "<group>";
		};
		DE00D7DA273923D200D7DF06 /* Views */ = {
			isa = PBXGroup;
			children = (
			);
			path = Views;
			sourceTree = "<group>";
		};
		DE00D7DB273923D900D7DF06 /* ViewModels */ = {
			isa = PBXGroup;
			children = (
				DE00D7ED2739417C00D7DF06 /* CityViewViewModel.swift */,
			);
			path = ViewModels;
			sourceTree = "<group>";
		};
		DE00D7DC273923F100D7DF06 /* LottieAnimation */ = {
			isa = PBXGroup;
			children = (
			);
			path = LottieAnimation;
			sourceTree = "<group>";
		};
/* End PBXGroup section */

/* Begin PBXNativeTarget section */
		DE00D7C627391D1300D7DF06 /* WeatherAppSwiftUI */ = {
			isa = PBXNativeTarget;
			buildConfigurationList = DE00D7D527391D1500D7DF06 /* Build configuration list for PBXNativeTarget "WeatherAppSwiftUI" */;
			buildPhases = (
				DE00D7C327391D1300D7DF06 /* Sources */,
				DE00D7C427391D1300D7DF06 /* Frameworks */,
				DE00D7C527391D1300D7DF06 /* Resources */,
			);
			buildRules = (
			);
			dependencies = (
			);
			name = WeatherAppSwiftUI;
			productName = WeatherAppSwiftUI;
			productReference = DE00D7C727391D1300D7DF06 /* WeatherAppSwiftUI.app */;
			productType = "com.apple.product-type.application";
		};
/* End PBXNativeTarget section */

/* Begin PBXProject section */
		DE00D7BF27391D1300D7DF06 /* Project object */ = {
			isa = PBXProject;
			attributes = {
				BuildIndependentTargetsInParallel = 1;
				LastSwiftUpdateCheck = 1300;
				LastUpgradeCheck = 1300;
				TargetAttributes = {
					DE00D7C627391D1300D7DF06 = {
						CreatedOnToolsVersion = 13.0;
					};
				};
			};
			buildConfigurationList = DE00D7C227391D1300D7DF06 /* Build configuration list for PBXProject "WeatherAppSwiftUI" */;
			compatibilityVersion = "Xcode 13.0";
			developmentRegion = en;
			hasScannedForEncodings = 0;
			knownRegions = (
				en,
				Base,
			);
			mainGroup = DE00D7BE27391D1300D7DF06;
			productRefGroup = DE00D7C827391D1300D7DF06 /* Products */;
			projectDirPath = "";
			projectRoot = "";
			targets = (
				DE00D7C627391D1300D7DF06 /* WeatherAppSwiftUI */,
			);
		};
/* End PBXProject section */

/* Begin PBXResourcesBuildPhase section */
		DE00D7C527391D1300D7DF06 /* Resources */ = {
			isa = PBXResourcesBuildPhase;
			buildActionMask = 2147483647;
			files = (
				DE00D7D227391D1500D7DF06 /* Preview Assets.xcassets in Resources */,
				DE00D7CF27391D1500D7DF06 /* Assets.xcassets in Resources */,
			);
			runOnlyForDeploymentPostprocessing = 0;
		};
/* End PBXResourcesBuildPhase section */

/* Begin PBXSourcesBuildPhase section */
		DE00D7C327391D1300D7DF06 /* Sources */ = {
			isa = PBXSourcesBuildPhase;
			buildActionMask = 2147483647;
			files = (
				DE00D7E42739290600D7DF06 /* NetworkManager.swift in Sources */,
				DE00D7EE2739417C00D7DF06 /* CityViewViewModel.swift in Sources */,
				DE00D7CD27391D1300D7DF06 /* ContentView.swift in Sources */,
				DE00D7E62739361D00D7DF06 /* WeatherDetail.swift in Sources */,
				DE00D7DE2739243600D7DF06 /* API.swift in Sources */,
				DE00D7CB27391D1300D7DF06 /* WeatherAppSwiftUIApp.swift in Sources */,
				DE00D7E02739244200D7DF06 /* Weather.swift in Sources */,
				DE00D7E2273926E200D7DF06 /* API+Extensions.swift in Sources */,
				DE00D7E82739362F00D7DF06 /* WeatherResponse.swift in Sources */,
				DE00D7EC2739367500D7DF06 /* Temperature.swift in Sources */,
				DE00D7EA2739365100D7DF06 /* DailyWeather.swift in Sources */,
			);
			runOnlyForDeploymentPostprocessing = 0;
		};
/* End PBXSourcesBuildPhase section */

/* Begin XCBuildConfiguration section */
		DE00D7D327391D1500D7DF06 /* Debug */ = {
			isa = XCBuildConfiguration;
			buildSettings = {
				ALWAYS_SEARCH_USER_PATHS = NO;
				CLANG_ANALYZER_NONNULL = YES;
				CLANG_ANALYZER_NUMBER_OBJECT_CONVERSION = YES_AGGRESSIVE;
				CLANG_CXX_LANGUAGE_STANDARD = "gnu++17";
				CLANG_CXX_LIBRARY = "libc++";
				CLANG_ENABLE_MODULES = YES;
				CLANG_ENABLE_OBJC_ARC = YES;
				CLANG_ENABLE_OBJC_WEAK = YES;
				CLANG_WARN_BLOCK_CAPTURE_AUTORELEASING = YES;
				CLANG_WARN_BOOL_CONVERSION = YES;
				CLANG_WARN_COMMA = YES;
				CLANG_WARN_CONSTANT_CONVERSION = YES;
				CLANG_WARN_DEPRECATED_OBJC_IMPLEMENTATIONS = YES;
				CLANG_WARN_DIRECT_OBJC_ISA_USAGE = YES_ERROR;
				CLANG_WARN_DOCUMENTATION_COMMENTS = YES;
				CLANG_WARN_EMPTY_BODY = YES;
				CLANG_WARN_ENUM_CONVERSION = YES;
				CLANG_WARN_INFINITE_RECURSION = YES;
				CLANG_WARN_INT_CONVERSION = YES;
				CLANG_WARN_NON_LITERAL_NULL_CONVERSION = YES;
				CLANG_WARN_OBJC_IMPLICIT_RETAIN_SELF = YES;
				CLANG_WARN_OBJC_LITERAL_CONVERSION = YES;
				CLANG_WARN_OBJC_ROOT_CLASS = YES_ERROR;
				CLANG_WARN_QUOTED_INCLUDE_IN_FRAMEWORK_HEADER = YES;
				CLANG_WARN_RANGE_LOOP_ANALYSIS = YES;
				CLANG_WARN_STRICT_PROTOTYPES = YES;
				CLANG_WARN_SUSPICIOUS_MOVE = YES;
				CLANG_WARN_UNGUARDED_AVAILABILITY = YES_AGGRESSIVE;
				CLANG_WARN_UNREACHABLE_CODE = YES;
				CLANG_WARN__DUPLICATE_METHOD_MATCH = YES;
				COPY_PHASE_STRIP = NO;
				DEBUG_INFORMATION_FORMAT = dwarf;
				ENABLE_STRICT_OBJC_MSGSEND = YES;
				ENABLE_TESTABILITY = YES;
				GCC_C_LANGUAGE_STANDARD = gnu11;
				GCC_DYNAMIC_NO_PIC = NO;
				GCC_NO_COMMON_BLOCKS = YES;
				GCC_OPTIMIZATION_LEVEL = 0;
				GCC_PREPROCESSOR_DEFINITIONS = (
					"DEBUG=1",
					"$(inherited)",
				);
				GCC_WARN_64_TO_32_BIT_CONVERSION = YES;
				GCC_WARN_ABOUT_RETURN_TYPE = YES_ERROR;
				GCC_WARN_UNDECLARED_SELECTOR = YES;
				GCC_WARN_UNINITIALIZED_AUTOS = YES_AGGRESSIVE;
				GCC_WARN_UNUSED_FUNCTION = YES;
				GCC_WARN_UNUSED_VARIABLE = YES;
				IPHONEOS_DEPLOYMENT_TARGET = 15.0;
				MTL_ENABLE_DEBUG_INFO = INCLUDE_SOURCE;
				MTL_FAST_MATH = YES;
				ONLY_ACTIVE_ARCH = YES;
				SDKROOT = iphoneos;
				SWIFT_ACTIVE_COMPILATION_CONDITIONS = DEBUG;
				SWIFT_OPTIMIZATION_LEVEL = "-Onone";
			};
			name = Debug;
		};
		DE00D7D427391D1500D7DF06 /* Release */ = {
			isa = XCBuildConfiguration;
			buildSettings = {
				ALWAYS_SEARCH_USER_PATHS = NO;
				CLANG_ANALYZER_NONNULL = YES;
				CLANG_ANALYZER_NUMBER_OBJECT_CONVERSION = YES_AGGRESSIVE;
				CLANG_CXX_LANGUAGE_STANDARD = "gnu++17";
				CLANG_CXX_LIBRARY = "libc++";
				CLANG_ENABLE_MODULES = YES;
				CLANG_ENABLE_OBJC_ARC = YES;
				CLANG_ENABLE_OBJC_WEAK = YES;
				CLANG_WARN_BLOCK_CAPTURE_AUTORELEASING = YES;
				CLANG_WARN_BOOL_CONVERSION = YES;
				CLANG_WARN_COMMA = YES;
				CLANG_WARN_CONSTANT_CONVERSION = YES;
				CLANG_WARN_DEPRECATED_OBJC_IMPLEMENTATIONS = YES;
				CLANG_WARN_DIRECT_OBJC_ISA_USAGE = YES_ERROR;
				CLANG_WARN_DOCUMENTATION_COMMENTS = YES;
				CLANG_WARN_EMPTY_BODY = YES;
				CLANG_WARN_ENUM_CONVERSION = YES;
				CLANG_WARN_INFINITE_RECURSION = YES;
				CLANG_WARN_INT_CONVERSION = YES;
				CLANG_WARN_NON_LITERAL_NULL_CONVERSION = YES;
				CLANG_WARN_OBJC_IMPLICIT_RETAIN_SELF = YES;
				CLANG_WARN_OBJC_LITERAL_CONVERSION = YES;
				CLANG_WARN_OBJC_ROOT_CLASS = YES_ERROR;
				CLANG_WARN_QUOTED_INCLUDE_IN_FRAMEWORK_HEADER = YES;
				CLANG_WARN_RANGE_LOOP_ANALYSIS = YES;
				CLANG_WARN_STRICT_PROTOTYPES = YES;
				CLANG_WARN_SUSPICIOUS_MOVE = YES;
				CLANG_WARN_UNGUARDED_AVAILABILITY = YES_AGGRESSIVE;
				CLANG_WARN_UNREACHABLE_CODE = YES;
				CLANG_WARN__DUPLICATE_METHOD_MATCH = YES;
				COPY_PHASE_STRIP = NO;
				DEBUG_INFORMATION_FORMAT = "dwarf-with-dsym";
				ENABLE_NS_ASSERTIONS = NO;
				ENABLE_STRICT_OBJC_MSGSEND = YES;
				GCC_C_LANGUAGE_STANDARD = gnu11;
				GCC_NO_COMMON_BLOCKS = YES;
				GCC_WARN_64_TO_32_BIT_CONVERSION = YES;
				GCC_WARN_ABOUT_RETURN_TYPE = YES_ERROR;
				GCC_WARN_UNDECLARED_SELECTOR = YES;
				GCC_WARN_UNINITIALIZED_AUTOS = YES_AGGRESSIVE;
				GCC_WARN_UNUSED_FUNCTION = YES;
				GCC_WARN_UNUSED_VARIABLE = YES;
				IPHONEOS_DEPLOYMENT_TARGET = 15.0;
				MTL_ENABLE_DEBUG_INFO = NO;
				MTL_FAST_MATH = YES;
				SDKROOT = iphoneos;
				SWIFT_COMPILATION_MODE = wholemodule;
				SWIFT_OPTIMIZATION_LEVEL = "-O";
				VALIDATE_PRODUCT = YES;
			};
			name = Release;
		};
		DE00D7D627391D1500D7DF06 /* Debug */ = {
			isa = XCBuildConfiguration;
			buildSettings = {
				ASSETCATALOG_COMPILER_APPICON_NAME = AppIcon;
				ASSETCATALOG_COMPILER_GLOBAL_ACCENT_COLOR_NAME = AccentColor;
				CODE_SIGN_STYLE = Automatic;
				CURRENT_PROJECT_VERSION = 1;
				DEVELOPMENT_ASSET_PATHS = "\"WeatherAppSwiftUI/Preview Content\"";
				DEVELOPMENT_TEAM = 2V5Z2558JH;
				ENABLE_PREVIEWS = YES;
				GENERATE_INFOPLIST_FILE = YES;
				INFOPLIST_KEY_UIApplicationSceneManifest_Generation = YES;
				INFOPLIST_KEY_UIApplicationSupportsIndirectInputEvents = YES;
				INFOPLIST_KEY_UILaunchScreen_Generation = YES;
				INFOPLIST_KEY_UISupportedInterfaceOrientations_iPad = "UIInterfaceOrientationPortrait UIInterfaceOrientationPortraitUpsideDown UIInterfaceOrientationLandscapeLeft UIInterfaceOrientationLandscapeRight";
				INFOPLIST_KEY_UISupportedInterfaceOrientations_iPhone = "UIInterfaceOrientationPortrait UIInterfaceOrientationLandscapeLeft UIInterfaceOrientationLandscapeRight";
				IPHONEOS_DEPLOYMENT_TARGET = 14.0;
				LD_RUNPATH_SEARCH_PATHS = (
					"$(inherited)",
					"@executable_path/Frameworks",
				);
				MARKETING_VERSION = 1.0;
				PRODUCT_BUNDLE_IDENTIFIER = com.Daniel.WeatherAppSwiftUI;
				PRODUCT_NAME = "$(TARGET_NAME)";
				SWIFT_EMIT_LOC_STRINGS = YES;
				SWIFT_VERSION = 5.0;
				TARGETED_DEVICE_FAMILY = "1,2";
			};
			name = Debug;
		};
		DE00D7D727391D1500D7DF06 /* Release */ = {
			isa = XCBuildConfiguration;
			buildSettings = {
				ASSETCATALOG_COMPILER_APPICON_NAME = AppIcon;
				ASSETCATALOG_COMPILER_GLOBAL_ACCENT_COLOR_NAME = AccentColor;
				CODE_SIGN_STYLE = Automatic;
				CURRENT_PROJECT_VERSION = 1;
				DEVELOPMENT_ASSET_PATHS = "\"WeatherAppSwiftUI/Preview Content\"";
				DEVELOPMENT_TEAM = 2V5Z2558JH;
				ENABLE_PREVIEWS = YES;
				GENERATE_INFOPLIST_FILE = YES;
				INFOPLIST_KEY_UIApplicationSceneManifest_Generation = YES;
				INFOPLIST_KEY_UIApplicationSupportsIndirectInputEvents = YES;
				INFOPLIST_KEY_UILaunchScreen_Generation = YES;
				INFOPLIST_KEY_UISupportedInterfaceOrientations_iPad = "UIInterfaceOrientationPortrait UIInterfaceOrientationPortraitUpsideDown UIInterfaceOrientationLandscapeLeft UIInterfaceOrientationLandscapeRight";
				INFOPLIST_KEY_UISupportedInterfaceOrientations_iPhone = "UIInterfaceOrientationPortrait UIInterfaceOrientationLandscapeLeft UIInterfaceOrientationLandscapeRight";
				IPHONEOS_DEPLOYMENT_TARGET = 14.0;
				LD_RUNPATH_SEARCH_PATHS = (
					"$(inherited)",
					"@executable_path/Frameworks",
				);
				MARKETING_VERSION = 1.0;
				PRODUCT_BUNDLE_IDENTIFIER = com.Daniel.WeatherAppSwiftUI;
				PRODUCT_NAME = "$(TARGET_NAME)";
				SWIFT_EMIT_LOC_STRINGS = YES;
				SWIFT_VERSION = 5.0;
				TARGETED_DEVICE_FAMILY = "1,2";
			};
			name = Release;
		};
/* End XCBuildConfiguration section */

/* Begin XCConfigurationList section */
		DE00D7C227391D1300D7DF06 /* Build configuration list for PBXProject "WeatherAppSwiftUI" */ = {
			isa = XCConfigurationList;
			buildConfigurations = (
				DE00D7D327391D1500D7DF06 /* Debug */,
				DE00D7D427391D1500D7DF06 /* Release */,
			);
			defaultConfigurationIsVisible = 0;
			defaultConfigurationName = Release;
		};
		DE00D7D527391D1500D7DF06 /* Build configuration list for PBXNativeTarget "WeatherAppSwiftUI" */ = {
			isa = XCConfigurationList;
			buildConfigurations = (
				DE00D7D627391D1500D7DF06 /* Debug */,
				DE00D7D727391D1500D7DF06 /* Release */,
			);
			defaultConfigurationIsVisible = 0;
			defaultConfigurationName = Release;
		};
/* End XCConfigurationList section */
	};
	rootObject = DE00D7BF27391D1300D7DF06 /* Project object */;
}
